
Microsoft Visual Studio Solution File, Format Version 12.00
# Visual Studio Version 17
VisualStudioVersion = 17.4.33403.182
MinimumVisualStudioVersion = 10.0.40219.1
Project("{FAE04EC0-301F-11D3-BF4B-00C04F79EFBC}") = "qs.Common", "qs.Common.csproj", "{B1D8B8E7-5EBB-4F42-BA01-5241CE59CFBD}"
EndProject
Global
	GlobalSection(SolutionConfigurationPlatforms) = preSolution
		Debug|Any CPU = Debug|Any CPU
		Release|Any CPU = Release|Any CPU
	EndGlobalSection
	GlobalSection(ProjectConfigurationPlatforms) = postSolution
		{B1D8B8E7-5EBB-4F42-BA01-5241CE59CFBD}.Debug|Any CPU.ActiveCfg = Debug|Any CPU
		{B1D8B8E7-5EBB-4F42-BA01-5241CE59CFBD}.Debug|Any CPU.Build.0 = Debug|Any CPU
		{B1D8B8E7-5EBB-4F42-BA01-5241CE59CFBD}.Release|Any CPU.ActiveCfg = Release|Any CPU
		{B1D8B8E7-5EBB-4F42-BA01-5241CE59CFBD}.Release|Any CPU.Build.0 = Release|Any CPU
	EndGlobalSection
	GlobalSection(SolutionProperties) = preSolution
		HideSolutionNode = FALSE
	EndGlobalSection
	GlobalSection(ExtensibilityGlobals) = postSolution
		SolutionGuid = {610209CC-CC10-409B-AB28-1E0BC421891E}
	EndGlobalSection
EndGlobal
